// !$*UTF8*$!
{
	archiveVersion = 1;
	classes = {
	};
	objectVersion = 46;
	objects = {

/* Begin PBXBuildFile section */
		66E1046C1AD642D800E5D6DC /* main.m in Sources */ = {isa = PBXBuildFile; fileRef = 66E1046B1AD642D800E5D6DC /* main.m */; };
		66E1046F1AD642D800E5D6DC /* AppDelegate.m in Sources */ = {isa = PBXBuildFile; fileRef = 66E1046E1AD642D800E5D6DC /* AppDelegate.m */; };
		66E104721AD642D800E5D6DC /* FirstViewController.m in Sources */ = {isa = PBXBuildFile; fileRef = 66E104711AD642D800E5D6DC /* FirstViewController.m */; };
		66E104751AD642D800E5D6DC /* SecondViewController.m in Sources */ = {isa = PBXBuildFile; fileRef = 66E104741AD642D800E5D6DC /* SecondViewController.m */; };
		66E104781AD642D800E5D6DC /* Main.storyboard in Resources */ = {isa = PBXBuildFile; fileRef = 66E104761AD642D800E5D6DC /* Main.storyboard */; };
		66E1047A1AD642D900E5D6DC /* Images.xcassets in Resources */ = {isa = PBXBuildFile; fileRef = 66E104791AD642D900E5D6DC /* Images.xcassets */; };
		66E1047D1AD642D900E5D6DC /* LaunchScreen.xib in Resources */ = {isa = PBXBuildFile; fileRef = 66E1047B1AD642D900E5D6DC /* LaunchScreen.xib */; };
		66E104891AD642D900E5D6DC /* AnimationDemoTests.m in Sources */ = {isa = PBXBuildFile; fileRef = 66E104881AD642D900E5D6DC /* AnimationDemoTests.m */; };
/* End PBXBuildFile section */

/* Begin PBXContainerItemProxy section */
		66E104831AD642D900E5D6DC /* PBXContainerItemProxy */ = {
			isa = PBXContainerItemProxy;
			containerPortal = 66E1045E1AD642D800E5D6DC /* Project object */;
			proxyType = 1;
			remoteGlobalIDString = 66E104651AD642D800E5D6DC;
			remoteInfo = AnimationDemo;
		};
/* End PBXContainerItemProxy section */

/* Begin PBXFileReference section */
		66E104661AD642D800E5D6DC /* AnimationDemo.app */ = {isa = PBXFileReference; explicitFileType = wrapper.application; includeInIndex = 0; path = AnimationDemo.app; sourceTree = BUILT_PRODUCTS_DIR; };
		66E1046A1AD642D800E5D6DC /* Info.plist */ = {isa = PBXFileReference; lastKnownFileType = text.plist.xml; path = Info.plist; sourceTree = "<group>"; };
		66E1046B1AD642D800E5D6DC /* main.m */ = {isa = PBXFileReference; lastKnownFileType = sourcecode.c.objc; path = main.m; sourceTree = "<group>"; };
		66E1046D1AD642D800E5D6DC /* AppDelegate.h */ = {isa = PBXFileReference; lastKnownFileType = sourcecode.c.h; path = AppDelegate.h; sourceTree = "<group>"; };
		66E1046E1AD642D800E5D6DC /* AppDelegate.m */ = {isa = PBXFileReference; lastKnownFileType = sourcecode.c.objc; path = AppDelegate.m; sourceTree = "<group>"; };
		66E104701AD642D800E5D6DC /* FirstViewController.h */ = {isa = PBXFileReference; lastKnownFileType = sourcecode.c.h; path = FirstViewController.h; sourceTree = "<group>"; };
		66E104711AD642D800E5D6DC /* FirstViewController.m */ = {isa = PBXFileReference; lastKnownFileType = sourcecode.c.objc; path = FirstViewController.m; sourceTree = "<group>"; };
		66E104731AD642D800E5D6DC /* SecondViewController.h */ = {isa = PBXFileReference; lastKnownFileType = sourcecode.c.h; path = SecondViewController.h; sourceTree = "<group>"; };
		66E104741AD642D800E5D6DC /* SecondViewController.m */ = {isa = PBXFileReference; lastKnownFileType = sourcecode.c.objc; path = SecondViewController.m; sourceTree = "<group>"; };
		66E104771AD642D800E5D6DC /* Base */ = {isa = PBXFileReference; lastKnownFileType = file.storyboard; name = Base; path = Base.lproj/Main.storyboard; sourceTree = "<group>"; };
		66E104791AD642D900E5D6DC /* Images.xcassets */ = {isa = PBXFileReference; lastKnownFileType = folder.assetcatalog; path = Images.xcassets; sourceTree = "<group>"; };
		66E1047C1AD642D900E5D6DC /* Base */ = {isa = PBXFileReference; lastKnownFileType = file.xib; name = Base; path = Base.lproj/LaunchScreen.xib; sourceTree = "<group>"; };
		66E104821AD642D900E5D6DC /* AnimationDemoTests.xctest */ = {isa = PBXFileReference; explicitFileType = wrapper.cfbundle; includeInIndex = 0; path = AnimationDemoTests.xctest; sourceTree = BUILT_PRODUCTS_DIR; };
		66E104871AD642D900E5D6DC /* Info.plist */ = {isa = PBXFileReference; lastKnownFileType = text.plist.xml; path = Info.plist; sourceTree = "<group>"; };
		66E104881AD642D900E5D6DC /* AnimationDemoTests.m */ = {isa = PBXFileReference; lastKnownFileType = sourcecode.c.objc; path = AnimationDemoTests.m; sourceTree = "<group>"; };
/* End PBXFileReference section */

/* Begin PBXFrameworksBuildPhase section */
		66E104631AD642D800E5D6DC /* Frameworks */ = {
			isa = PBXFrameworksBuildPhase;
			buildActionMask = 2147483647;
			files = (
			);
			runOnlyForDeploymentPostprocessing = 0;
		};
		66E1047F1AD642D900E5D6DC /* Frameworks */ = {
			isa = PBXFrameworksBuildPhase;
			buildActionMask = 2147483647;
			files = (
			);
			runOnlyForDeploymentPostprocessing = 0;
		};
/* End PBXFrameworksBuildPhase section */

/* Begin PBXGroup section */
		66E1045D1AD642D800E5D6DC = {
			isa = PBXGroup;
			children = (
				66E104681AD642D800E5D6DC /* AnimationDemo */,
				66E104851AD642D900E5D6DC /* AnimationDemoTests */,
				66E104671AD642D800E5D6DC /* Products */,
			);
			sourceTree = "<group>";
		};
		66E104671AD642D800E5D6DC /* Products */ = {
			isa = PBXGroup;
			children = (
				66E104661AD642D800E5D6DC /* AnimationDemo.app */,
				66E104821AD642D900E5D6DC /* AnimationDemoTests.xctest */,
			);
			name = Products;
			sourceTree = "<group>";
		};
		66E104681AD642D800E5D6DC /* AnimationDemo */ = {
			isa = PBXGroup;
			children = (
				66E1046D1AD642D800E5D6DC /* AppDelegate.h */,
				66E1046E1AD642D800E5D6DC /* AppDelegate.m */,
				66E104701AD642D800E5D6DC /* FirstViewController.h */,
				66E104711AD642D800E5D6DC /* FirstViewController.m */,
				66E104731AD642D800E5D6DC /* SecondViewController.h */,
				66E104741AD642D800E5D6DC /* SecondViewController.m */,
				66E104761AD642D800E5D6DC /* Main.storyboard */,
				66E104791AD642D900E5D6DC /* Images.xcassets */,
				66E1047B1AD642D900E5D6DC /* LaunchScreen.xib */,
				66E104691AD642D800E5D6DC /* Supporting Files */,
			);
			path = AnimationDemo;
			sourceTree = "<group>";
		};
		66E104691AD642D800E5D6DC /* Supporting Files */ = {
			isa = PBXGroup;
			children = (
				66E1046A1AD642D800E5D6DC /* Info.plist */,
				66E1046B1AD642D800E5D6DC /* main.m */,
			);
			name = "Supporting Files";
			sourceTree = "<group>";
		};
		66E104851AD642D900E5D6DC /* AnimationDemoTests */ = {
			isa = PBXGroup;
			children = (
				66E104881AD642D900E5D6DC /* AnimationDemoTests.m */,
				66E104861AD642D900E5D6DC /* Supporting Files */,
			);
			path = AnimationDemoTests;
			sourceTree = "<group>";
		};
		66E104861AD642D900E5D6DC /* Supporting Files */ = {
			isa = PBXGroup;
			children = (
				66E104871AD642D900E5D6DC /* Info.plist */,
			);
			name = "Supporting Files";
			sourceTree = "<group>";
		};
/* End PBXGroup section */

/* Begin PBXNativeTarget section */
		66E104651AD642D800E5D6DC /* AnimationDemo */ = {
			isa = PBXNativeTarget;
			buildConfigurationList = 66E1048C1AD642D900E5D6DC /* Build configuration list for PBXNativeTarget "AnimationDemo" */;
			buildPhases = (
				66E104621AD642D800E5D6DC /* Sources */,
				66E104631AD642D800E5D6DC /* Frameworks */,
				66E104641AD642D800E5D6DC /* Resources */,
			);
			buildRules = (
			);
			dependencies = (
			);
			name = AnimationDemo;
			productName = AnimationDemo;
			productReference = 66E104661AD642D800E5D6DC /* AnimationDemo.app */;
			productType = "com.apple.product-type.application";
		};
		66E104811AD642D900E5D6DC /* AnimationDemoTests */ = {
			isa = PBXNativeTarget;
			buildConfigurationList = 66E1048F1AD642D900E5D6DC /* Build configuration list for PBXNativeTarget "AnimationDemoTests" */;
			buildPhases = (
				66E1047E1AD642D900E5D6DC /* Sources */,
				66E1047F1AD642D900E5D6DC /* Frameworks */,
				66E104801AD642D900E5D6DC /* Resources */,
			);
			buildRules = (
			);
			dependencies = (
				66E104841AD642D900E5D6DC /* PBXTargetDependency */,
			);
			name = AnimationDemoTests;
			productName = AnimationDemoTests;
			productReference = 66E104821AD642D900E5D6DC /* AnimationDemoTests.xctest */;
			productType = "com.apple.product-type.bundle.unit-test";
		};
/* End PBXNativeTarget section */

/* Begin PBXProject section */
		66E1045E1AD642D800E5D6DC /* Project object */ = {
			isa = PBXProject;
			attributes = {
				LastUpgradeCheck = 0610;
				ORGANIZATIONNAME = dawningsun;
				TargetAttributes = {
					66E104651AD642D800E5D6DC = {
						CreatedOnToolsVersion = 6.1;
					};
					66E104811AD642D900E5D6DC = {
						CreatedOnToolsVersion = 6.1;
						TestTargetID = 66E104651AD642D800E5D6DC;
					};
				};
			};
			buildConfigurationList = 66E104611AD642D800E5D6DC /* Build configuration list for PBXProject "AnimationDemo" */;
			compatibilityVersion = "Xcode 3.2";
			developmentRegion = English;
			hasScannedForEncodings = 0;
			knownRegions = (
				en,
				Base,
			);
			mainGroup = 66E1045D1AD642D800E5D6DC;
			productRefGroup = 66E104671AD642D800E5D6DC /* Products */;
			projectDirPath = "";
			projectRoot = "";
			targets = (
				66E104651AD642D800E5D6DC /* AnimationDemo */,
				66E104811AD642D900E5D6DC /* AnimationDemoTests */,
			);
		};
/* End PBXProject section */

/* Begin PBXResourcesBuildPhase section */
		66E104641AD642D800E5D6DC /* Resources */ = {
			isa = PBXResourcesBuildPhase;
			buildActionMask = 2147483647;
			files = (
				66E104781AD642D800E5D6DC /* Main.storyboard in Resources */,
				66E1047D1AD642D900E5D6DC /* LaunchScreen.xib in Resources */,
				66E1047A1AD642D900E5D6DC /* Images.xcassets in Resources */,
			);
			runOnlyForDeploymentPostprocessing = 0;
		};
		66E104801AD642D900E5D6DC /* Resources */ = {
			isa = PBXResourcesBuildPhase;
			buildActionMask = 2147483647;
			files = (
			);
			runOnlyForDeploymentPostprocessing = 0;
		};
/* End PBXResourcesBuildPhase section */

/* Begin PBXSourcesBuildPhase section */
		66E104621AD642D800E5D6DC /* Sources */ = {
			isa = PBXSourcesBuildPhase;
			buildActionMask = 2147483647;
			files = (
				66E104751AD642D800E5D6DC /* SecondViewController.m in Sources */,
				66E1046F1AD642D800E5D6DC /* AppDelegate.m in Sources */,
				66E104721AD642D800E5D6DC /* FirstViewController.m in Sources */,
				66E1046C1AD642D800E5D6DC /* main.m in Sources */,
			);
			runOnlyForDeploymentPostprocessing = 0;
		};
		66E1047E1AD642D900E5D6DC /* Sources */ = {
			isa = PBXSourcesBuildPhase;
			buildActionMask = 2147483647;
			files = (
				66E104891AD642D900E5D6DC /* AnimationDemoTests.m in Sources */,
			);
			runOnlyForDeploymentPostprocessing = 0;
		};
/* End PBXSourcesBuildPhase section */

/* Begin PBXTargetDependency section */
		66E104841AD642D900E5D6DC /* PBXTargetDependency */ = {
			isa = PBXTargetDependency;
			target = 66E104651AD642D800E5D6DC /* AnimationDemo */;
			targetProxy = 66E104831AD642D900E5D6DC /* PBXContainerItemProxy */;
		};
/* End PBXTargetDependency section */

/* Begin PBXVariantGroup section */
		66E104761AD642D800E5D6DC /* Main.storyboard */ = {
			isa = PBXVariantGroup;
			children = (
				66E104771AD642D800E5D6DC /* Base */,
			);
			name = Main.storyboard;
			sourceTree = "<group>";
		};
		66E1047B1AD642D900E5D6DC /* LaunchScreen.xib */ = {
			isa = PBXVariantGroup;
			children = (
				66E1047C1AD642D900E5D6DC /* Base */,
			);
			name = LaunchScreen.xib;
			sourceTree = "<group>";
		};
/* End PBXVariantGroup section */

/* Begin XCBuildConfiguration section */
		66E1048A1AD642D900E5D6DC /* Debug */ = {
			isa = XCBuildConfiguration;
			buildSettings = {
				ALWAYS_SEARCH_USER_PATHS = NO;
				CLANG_CXX_LANGUAGE_STANDARD = "gnu++0x";
				CLANG_CXX_LIBRARY = "libc++";
				CLANG_ENABLE_MODULES = YES;
				CLANG_ENABLE_OBJC_ARC = YES;
				CLANG_WARN_BOOL_CONVERSION = YES;
				CLANG_WARN_CONSTANT_CONVERSION = YES;
				CLANG_WARN_DIRECT_OBJC_ISA_USAGE = YES_ERROR;
				CLANG_WARN_EMPTY_BODY = YES;
				CLANG_WARN_ENUM_CONVERSION = YES;
				CLANG_WARN_INT_CONVERSION = YES;
				CLANG_WARN_OBJC_ROOT_CLASS = YES_ERROR;
				CLANG_WARN_UNREACHABLE_CODE = YES;
				CLANG_WARN__DUPLICATE_METHOD_MATCH = YES;
				"CODE_SIGN_IDENTITY[sdk=iphoneos*]" = "iPhone Developer";
				COPY_PHASE_STRIP = NO;
				ENABLE_STRICT_OBJC_MSGSEND = YES;
				GCC_C_LANGUAGE_STANDARD = gnu99;
				GCC_DYNAMIC_NO_PIC = NO;
				GCC_OPTIMIZATION_LEVEL = 0;
				GCC_PREPROCESSOR_DEFINITIONS = (
					"DEBUG=1",
					"$(inherited)",
				);
				GCC_SYMBOLS_PRIVATE_EXTERN = NO;
				GCC_WARN_64_TO_32_BIT_CONVERSION = YES;
				GCC_WARN_ABOUT_RETURN_TYPE = YES_ERROR;
				GCC_WARN_UNDECLARED_SELECTOR = YES;
				GCC_WARN_UNINITIALIZED_AUTOS = YES_AGGRESSIVE;
				GCC_WARN_UNUSED_FUNCTION = YES;
				GCC_WARN_UNUSED_VARIABLE = YES;
				IPHONEOS_DEPLOYMENT_TARGET = 8.1;
				MTL_ENABLE_DEBUG_INFO = YES;
				ONLY_ACTIVE_ARCH = YES;
				SDKROOT = iphoneos;
			};
			name = Debug;
		};
		66E1048B1AD642D900E5D6DC /* Release */ = {
			isa = XCBuildConfiguration;
			buildSettings = {
				ALWAYS_SEARCH_USER_PATHS = NO;
				CLANG_CXX_LANGUAGE_STANDARD = "gnu++0x";
				CLANG_CXX_LIBRARY = "libc++";
				CLANG_ENABLE_MODULES = YES;
				CLANG_ENABLE_OBJC_ARC = YES;
				CLANG_WARN_BOOL_CONVERSION = YES;
				CLANG_WARN_CONSTANT_CONVERSION = YES;
				CLANG_WARN_DIRECT_OBJC_ISA_USAGE = YES_ERROR;
				CLANG_WARN_EMPTY_BODY = YES;
				CLANG_WARN_ENUM_CONVERSION = YES;
				CLANG_WARN_INT_CONVERSION = YES;
				CLANG_WARN_OBJC_ROOT_CLASS = YES_ERROR;
				CLANG_WARN_UNREACHABLE_CODE = YES;
				CLANG_WARN__DUPLICATE_METHOD_MATCH = YES;
				"CODE_SIGN_IDENTITY[sdk=iphoneos*]" = "iPhone Developer";
				COPY_PHASE_STRIP = YES;
				ENABLE_NS_ASSERTIONS = NO;
				ENABLE_STRICT_OBJC_MSGSEND = YES;
				GCC_C_LANGUAGE_STANDARD = gnu99;
				GCC_WARN_64_TO_32_BIT_CONVERSION = YES;
				GCC_WARN_ABOUT_RETURN_TYPE = YES_ERROR;
				GCC_WARN_UNDECLARED_SELECTOR = YES;
				GCC_WARN_UNINITIALIZED_AUTOS = YES_AGGRESSIVE;
				GCC_WARN_UNUSED_FUNCTION = YES;
				GCC_WARN_UNUSED_VARIABLE = YES;
				IPHONEOS_DEPLOYMENT_TARGET = 8.1;
				MTL_ENABLE_DEBUG_INFO = NO;
				SDKROOT = iphoneos;
				VALIDATE_PRODUCT = YES;
			};
			name = Release;
		};
		66E1048D1AD642D900E5D6DC /* Debug */ = {
			isa = XCBuildConfiguration;
			buildSettings = {
				ASSETCATALOG_COMPILER_APPICON_NAME = AppIcon;
				INFOPLIST_FILE = AnimationDemo/Info.plist;
				LD_RUNPATH_SEARCH_PATHS = "$(inherited) @executable_path/Frameworks";
				PRODUCT_NAME = "$(TARGET_NAME)";
			};
			name = Debug;
		};
		66E1048E1AD642D900E5D6DC /* Release */ = {
			isa = XCBuildConfiguration;
			buildSettings = {
				ASSETCATALOG_COMPILER_APPICON_NAME = AppIcon;
				INFOPLIST_FILE = AnimationDemo/Info.plist;
				LD_RUNPATH_SEARCH_PATHS = "$(inherited) @executable_path/Frameworks";
				PRODUCT_NAME = "$(TARGET_NAME)";
			};
			name = Release;
		};
		66E104901AD642D900E5D6DC /* Debug */ = {
			isa = XCBuildConfiguration;
			buildSettings = {
				BUNDLE_LOADER = "$(TEST_HOST)";
				FRAMEWORK_SEARCH_PATHS = (
					"$(SDKROOT)/Developer/Library/Frameworks",
					"$(inherited)",
				);
				GCC_PREPROCESSOR_DEFINITIONS = (
					"DEBUG=1",
					"$(inherited)",
				);
				INFOPLIST_FILE = AnimationDemoTests/Info.plist;
				LD_RUNPATH_SEARCH_PATHS = "$(inherited) @executable_path/Frameworks @loader_path/Frameworks";
				PRODUCT_NAME = "$(TARGET_NAME)";
				TEST_HOST = "$(BUILT_PRODUCTS_DIR)/AnimationDemo.app/AnimationDemo";
			};
			name = Debug;
		};
		66E104911AD642D900E5D6DC /* Release */ = {
			isa = XCBuildConfiguration;
			buildSettings = {
				BUNDLE_LOADER = "$(TEST_HOST)";
				FRAMEWORK_SEARCH_PATHS = (
					"$(SDKROOT)/Developer/Library/Frameworks",
					"$(inherited)",
				);
				INFOPLIST_FILE = AnimationDemoTests/Info.plist;
				LD_RUNPATH_SEARCH_PATHS = "$(inherited) @executable_path/Frameworks @loader_path/Frameworks";
				PRODUCT_NAME = "$(TARGET_NAME)";
				TEST_HOST = "$(BUILT_PRODUCTS_DIR)/AnimationDemo.app/AnimationDemo";
			};
			name = Release;
		};
/* End XCBuildConfiguration section */

/* Begin XCConfigurationList section */
		66E104611AD642D800E5D6DC /* Build configuration list for PBXProject "AnimationDemo" */ = {
			isa = XCConfigurationList;
			buildConfigurations = (
				66E1048A1AD642D900E5D6DC /* Debug */,
				66E1048B1AD642D900E5D6DC /* Release */,
			);
			defaultConfigurationIsVisible = 0;
			defaultConfigurationName = Release;
		};
		66E1048C1AD642D900E5D6DC /* Build configuration list for PBXNativeTarget "AnimationDemo" */ = {
			isa = XCConfigurationList;
			buildConfigurations = (
				66E1048D1AD642D900E5D6DC /* Debug */,
				66E1048E1AD642D900E5D6DC /* Release */,
			);
			defaultConfigurationIsVisible = 0;
		};
		66E1048F1AD642D900E5D6DC /* Build configuration list for PBXNativeTarget "AnimationDemoTests" */ = {
			isa = XCConfigurationList;
			buildConfigurations = (
				66E104901AD642D900E5D6DC /* Debug */,
				66E104911AD642D900E5D6DC /* Release */,
			);
			defaultConfigurationIsVisible = 0;
		};
/* End XCConfigurationList section */
	};
	rootObject = 66E1045E1AD642D800E5D6DC /* Project object */;
}
